
Microsoft Visual Studio Solution File, Format Version 12.00
# Visual Studio Version 17
VisualStudioVersion = 17.0.31912.275
MinimumVisualStudioVersion = 10.0.40219.1
Project("{9A19103F-16F7-4668-BE54-9A1E7A4F7556}") = "LinqMaxCount", "LinqMaxCount\LinqMaxCount.csproj", "{7D771DF9-023B-4FBD-B5BD-3A6F05DE9706}"
EndProject
Global
	GlobalSection(SolutionConfigurationPlatforms) = preSolution
		Debug|Any CPU = Debug|Any CPU
		Release|Any CPU = Release|Any CPU
	EndGlobalSection
	GlobalSection(ProjectConfigurationPlatforms) = postSolution
		{7D771DF9-023B-4FBD-B5BD-3A6F05DE9706}.Debug|Any CPU.ActiveCfg = Debug|Any CPU
		{7D771DF9-023B-4FBD-B5BD-3A6F05DE9706}.Debug|Any CPU.Build.0 = Debug|Any CPU
		{7D771DF9-023B-4FBD-B5BD-3A6F05DE9706}.Release|Any CPU.ActiveCfg = Release|Any CPU
		{7D771DF9-023B-4FBD-B5BD-3A6F05DE9706}.Release|Any CPU.Build.0 = Release|Any CPU
	EndGlobalSection
	GlobalSection(SolutionProperties) = preSolution
		HideSolutionNode = FALSE
	EndGlobalSection
	GlobalSection(ExtensibilityGlobals) = postSolution
		SolutionGuid = {2E4CE160-9659-473D-BC91-11A2B676197F}
	EndGlobalSection
EndGlobal
